lockfileVersion: '9.0'

settings:
  autoInstallPeers: true
  excludeLinksFromLockfile: false

importers:

  .:
    dependencies:
      as-bignum:
        specifier: 0.3.1
        version: 0.3.1
    devDependencies:
      '@ipld/dag-cbor':
        specifier: 9.2.5
        version: 9.2.5
      assemblyscript:
        specifier: 0.27.37
        version: 0.27.37
      multiformats:
        specifier: 13.4.1
        version: 13.4.1

packages:

  '@ipld/dag-cbor@9.2.5':
    resolution: {integrity: sha512-84wSr4jv30biui7endhobYhXBQzQE4c/wdoWlFrKcfiwH+ofaPg8fwsM8okX9cOzkkrsAsNdDyH3ou+kiLquwQ==}
    engines: {node: '>=16.0.0', npm: '>=7.0.0'}

  as-bignum@0.3.1:
    resolution: {integrity: sha512-/RS4NbSPYUCRTsGNeCNA8aLjiyYlsEYaevY4Jwzj/QlzVk82t4gXdaWb8R3hnqo96g0MSIbhdaq18UcpeyW7gA==}

  assemblyscript@0.27.37:
    resolution: {integrity: sha512-YtY5k3PiV3SyUQ6gRlR2OCn8dcVRwkpiG/k2T5buoL2ymH/Z/YbaYWbk/f9mO2HTgEtGWjPiAQrIuvA7G/63Gg==}
    engines: {node: '>=18', npm: '>=10'}
    hasBin: true

  binaryen@116.0.0-nightly.20240114:
    resolution: {integrity: sha512-0GZrojJnuhoe+hiwji7QFaL3tBlJoA+KFUN7ouYSDGZLSo9CKM8swQX8n/UcbR0d1VuZKU+nhogNzv423JEu5A==}
    hasBin: true

  cborg@4.5.8:
    resolution: {integrity: sha512-6/viltD51JklRhq4L7jC3zgy6gryuG5xfZ3kzpE+PravtyeQLeQmCYLREhQH7pWENg5pY4Yu/XCd6a7dKScVlw==}
    hasBin: true

  long@5.3.2:
    resolution: {integrity: sha512-mNAgZ1GmyNhD7AuqnTG3/VQ26o760+ZYBPKjPvugO8+nLbYfX6TVpJPseBvopbdY+qpZ/lKUnmEc1LeZYS3QAA==}

  multiformats@13.4.1:
    resolution: {integrity: sha512-VqO6OSvLrFVAYYjgsr8tyv62/rCQhPgsZUXLTqoFLSgdkgiUYKYeArbt1uWLlEpkjxQe+P0+sHlbPEte1Bi06Q==}

snapshots:

  '@ipld/dag-cbor@9.2.5':
    dependencies:
      cborg: 4.5.8
      multiformats: 13.4.1

  as-bignum@0.3.1: {}

  assemblyscript@0.27.37:
    dependencies:
      binaryen: 116.0.0-nightly.20240114
      long: 5.3.2

  binaryen@116.0.0-nightly.20240114: {}

  cborg@4.5.8: {}

  long@5.3.2: {}

  multiformats@13.4.1: {}
