lockfileVersion: '9.0'

settings:
  autoInstallPeers: true
  excludeLinksFromLockfile: false

importers:

  .:
    devDependencies:
      assemblyscript:
        specifier: 0.28.20
        version: 0.28.20

packages:

  assemblyscript@0.28.20:
    resolution: {integrity: sha512-5PM7GZpvcLypHcLmi30aP8mqm5HjU+LL3BdV1xDyA3USGtL2w+iMiUnhtH+vW8+2kOuHlAyPu7M+QgyEw5he1g==}
    engines: {node: '>=20', npm: '>=10'}
    hasBin: true

  binaryen@131.0.0-nightly.20260721:
    resolution: {integrity: sha512-AAQIkhfbYXh4FBObwBrlO+5L+6Rp6OOMOjh6AdT0M+GLNLyrwKWgtW+EzmizNgx9CWDfTJPfDtKoZi62QESbtg==}
    hasBin: true

  long@5.3.2:
    resolution: {integrity: sha512-mNAgZ1GmyNhD7AuqnTG3/VQ26o760+ZYBPKjPvugO8+nLbYfX6TVpJPseBvopbdY+qpZ/lKUnmEc1LeZYS3QAA==}

snapshots:

  assemblyscript@0.28.20:
    dependencies:
      binaryen: 131.0.0-nightly.20260721
      long: 5.3.2

  binaryen@131.0.0-nightly.20260721: {}

  long@5.3.2: {}
