lockfileVersion: '9.0'

settings:
  autoInstallPeers: true
  excludeLinksFromLockfile: false

importers:

  .:
    devDependencies:
      assemblyscript:
        specifier: ^0.28.19
        version: 0.28.19

packages:

  assemblyscript@0.28.19:
    resolution: {integrity: sha512-yOAlAb9EsrI00oUaf6qUTtTcYYeelG2iC3f1LnA45XUeSlMrp2O2FF5Llj4P+Y84ZiIlh/ciEEpOaPwwmOKq8g==}
    engines: {node: '>=20', npm: '>=10'}
    hasBin: true

  binaryen@130.0.0-nightly.20260609:
    resolution: {integrity: sha512-Zyl9Tw638x08LDew22YtxdYiUGxn+quzpR3ySIS4Nccv6yAiO5j1Yko9IEPNpj/aBZf71xtD/6hYXsgZ2ye3ew==}
    hasBin: true

  long@5.3.2:
    resolution: {integrity: sha512-mNAgZ1GmyNhD7AuqnTG3/VQ26o760+ZYBPKjPvugO8+nLbYfX6TVpJPseBvopbdY+qpZ/lKUnmEc1LeZYS3QAA==}

snapshots:

  assemblyscript@0.28.19:
    dependencies:
      binaryen: 130.0.0-nightly.20260609
      long: 5.3.2

  binaryen@130.0.0-nightly.20260609: {}

  long@5.3.2: {}
